
Microsoft Visual Studio Solution File, Format Version 12.00
# Visual Studio 2012
Project("{9092AA53-FB77-4645-B42D-1CCCA6BD08BD}") = "Daylight.Node", "Daylight.Node\Daylight.Node.njsproj", "{536B272F-93EC-45D1-B963-EF332537B0AA}"
EndProject
Global
	GlobalSection(SolutionConfigurationPlatforms) = preSolution
		Debug|Any CPU = Debug|Any CPU
		Release|Any CPU = Release|Any CPU
	EndGlobalSection
	GlobalSection(ProjectConfigurationPlatforms) = postSolution
		{536B272F-93EC-45D1-B963-EF332537B0AA}.Debug|Any CPU.ActiveCfg = Debug|Any CPU
		{536B272F-93EC-45D1-B963-EF332537B0AA}.Debug|Any CPU.Build.0 = Debug|Any CPU
		{536B272F-93EC-45D1-B963-EF332537B0AA}.Release|Any CPU.ActiveCfg = Release|Any CPU
		{536B272F-93EC-45D1-B963-EF332537B0AA}.Release|Any CPU.Build.0 = Release|Any CPU
	EndGlobalSection
	GlobalSection(SolutionProperties) = preSolution
		HideSolutionNode = FALSE
	EndGlobalSection
EndGlobal
